
Microsoft Visual Studio Solution File, Format Version 12.00
# Visual Studio Version 16
VisualStudioVersion = 16.0.31025.194
MinimumVisualStudioVersion = 10.0.40219.1
Project("{FAE04EC0-301F-11D3-BF4B-00C04F79EFBC}") = "AccessModifiersDemo", "AccessModifiersDemo\AccessModifiersDemo.csproj", "{BD8CAD98-AAF6-4BD8-8F02-DB4074F8AADD}"
EndProject
Project("{FAE04EC0-301F-11D3-BF4B-00C04F79EFBC}") = "DemoLibrary", "DemoLibrary\DemoLibrary.csproj", "{96FB6F39-FF92-4351-9AA7-61B8E4002AC9}"
EndProject
Global
	GlobalSection(SolutionConfigurationPlatforms) = preSolution
		Debug|Any CPU = Debug|Any CPU
		Release|Any CPU = Release|Any CPU
	EndGlobalSection
	GlobalSection(ProjectConfigurationPlatforms) = postSolution
		{BD8CAD98-AAF6-4BD8-8F02-DB4074F8AADD}.Debug|Any CPU.ActiveCfg = Debug|Any CPU
		{BD8CAD98-AAF6-4BD8-8F02-DB4074F8AADD}.Debug|Any CPU.Build.0 = Debug|Any CPU
		{BD8CAD98-AAF6-4BD8-8F02-DB4074F8AADD}.Release|Any CPU.ActiveCfg = Release|Any CPU
		{BD8CAD98-AAF6-4BD8-8F02-DB4074F8AADD}.Release|Any CPU.Build.0 = Release|Any CPU
		{96FB6F39-FF92-4351-9AA7-61B8E4002AC9}.Debug|Any CPU.ActiveCfg = Debug|Any CPU
		{96FB6F39-FF92-4351-9AA7-61B8E4002AC9}.Debug|Any CPU.Build.0 = Debug|Any CPU
		{96FB6F39-FF92-4351-9AA7-61B8E4002AC9}.Release|Any CPU.ActiveCfg = Release|Any CPU
		{96FB6F39-FF92-4351-9AA7-61B8E4002AC9}.Release|Any CPU.Build.0 = Release|Any CPU
	EndGlobalSection
	GlobalSection(SolutionProperties) = preSolution
		HideSolutionNode = FALSE
	EndGlobalSection
	GlobalSection(ExtensibilityGlobals) = postSolution
		SolutionGuid = {A04DA239-1E9A-48D4-AAFD-77FFB629FF92}
	EndGlobalSection
EndGlobal
